
Microsoft Visual Studio Solution File, Format Version 12.00
# Visual Studio 15
Project("{FAE04EC0-301F-11D3-BF4B-00C04F79EFBC}") = "ARSIS", "ARSIS.csproj", "{6A113080-4E6F-2227-EA37-3D6DE7AE1690}"
EndProject
Global
	GlobalSection(SolutionConfigurationPlatforms) = preSolution
		Debug|Any CPU = Debug|Any CPU
		Release|Any CPU = Release|Any CPU
	EndGlobalSection
	GlobalSection(ProjectConfigurationPlatforms) = postSolution
		{6A113080-4E6F-2227-EA37-3D6DE7AE1690}.Debug|Any CPU.ActiveCfg = Debug|Any CPU
		{6A113080-4E6F-2227-EA37-3D6DE7AE1690}.Debug|Any CPU.Build.0 = Debug|Any CPU
		{6A113080-4E6F-2227-EA37-3D6DE7AE1690}.Release|Any CPU.ActiveCfg = Release|Any CPU
		{6A113080-4E6F-2227-EA37-3D6DE7AE1690}.Release|Any CPU.Build.0 = Release|Any CPU
	EndGlobalSection
	GlobalSection(SolutionProperties) = preSolution
		HideSolutionNode = FALSE
	EndGlobalSection
EndGlobal
